
Microsoft Visual Studio Solution File, Format Version 12.00
# Visual Studio Version 17
VisualStudioVersion = 17.4.33205.214
MinimumVisualStudioVersion = 10.0.40219.1
Project("{FAE04EC0-301F-11D3-BF4B-00C04F79EFBC}") = "ScreenRec", "ScreenRec\ScreenRec.csproj", "{F2BF7867-7975-4DBE-B1BE-64A642E1C64A}"
EndProject
Global
	GlobalSection(SolutionConfigurationPlatforms) = preSolution
		Debug|Any CPU = Debug|Any CPU
		Release|Any CPU = Release|Any CPU
	EndGlobalSection
	GlobalSection(ProjectConfigurationPlatforms) = postSolution
		{F2BF7867-7975-4DBE-B1BE-64A642E1C64A}.Debug|Any CPU.ActiveCfg = Debug|Any CPU
		{F2BF7867-7975-4DBE-B1BE-64A642E1C64A}.Debug|Any CPU.Build.0 = Debug|Any CPU
		{F2BF7867-7975-4DBE-B1BE-64A642E1C64A}.Release|Any CPU.ActiveCfg = Release|Any CPU
		{F2BF7867-7975-4DBE-B1BE-64A642E1C64A}.Release|Any CPU.Build.0 = Release|Any CPU
	EndGlobalSection
	GlobalSection(SolutionProperties) = preSolution
		HideSolutionNode = FALSE
	EndGlobalSection
	GlobalSection(ExtensibilityGlobals) = postSolution
		SolutionGuid = {A8EEC30C-FD11-492E-A98F-CF7163B4CEE9}
	EndGlobalSection
EndGlobal
